
Microsoft Visual Studio Solution File, Format Version 12.00
# Visual Studio Version 16
VisualStudioVersion = 16.0.31205.134
MinimumVisualStudioVersion = 10.0.40219.1
Project("{FAE04EC0-301F-11D3-BF4B-00C04F79EFBC}") = "WarCardGame", "WarCardGame\WarCardGame.csproj", "{26DBF32E-BD39-4481-A2B9-FCF718A272A6}"
EndProject
Project("{FAE04EC0-301F-11D3-BF4B-00C04F79EFBC}") = "WarClasses", "WarClasses\WarClasses.csproj", "{58F29489-D9D4-4635-8FA6-AE429136A54D}"
EndProject
Project("{FAE04EC0-301F-11D3-BF4B-00C04F79EFBC}") = "WarEnums", "WarEnums\WarEnums.csproj", "{7BC6DB63-A7FB-491D-93F7-FDDDAD5388B9}"
EndProject
Project("{FAE04EC0-301F-11D3-BF4B-00C04F79EFBC}") = "WarRepo", "WarRepo\WarRepo.csproj", "{1243088B-282A-4912-9797-4DA5C7BA1715}"
EndProject
Project("{FAE04EC0-301F-11D3-BF4B-00C04F79EFBC}") = "ProgramUI", "ProgramUI\ProgramUI.csproj", "{849766E9-F49B-4124-A9DE-02842C58FD0E}"
EndProject
Global
	GlobalSection(SolutionConfigurationPlatforms) = preSolution
		Debug|Any CPU = Debug|Any CPU
		Release|Any CPU = Release|Any CPU
	EndGlobalSection
	GlobalSection(ProjectConfigurationPlatforms) = postSolution
		{26DBF32E-BD39-4481-A2B9-FCF718A272A6}.Debug|Any CPU.ActiveCfg = Debug|Any CPU
		{26DBF32E-BD39-4481-A2B9-FCF718A272A6}.Debug|Any CPU.Build.0 = Debug|Any CPU
		{26DBF32E-BD39-4481-A2B9-FCF718A272A6}.Release|Any CPU.ActiveCfg = Release|Any CPU
		{26DBF32E-BD39-4481-A2B9-FCF718A272A6}.Release|Any CPU.Build.0 = Release|Any CPU
		{58F29489-D9D4-4635-8FA6-AE429136A54D}.Debug|Any CPU.ActiveCfg = Debug|Any CPU
		{58F29489-D9D4-4635-8FA6-AE429136A54D}.Debug|Any CPU.Build.0 = Debug|Any CPU
		{58F29489-D9D4-4635-8FA6-AE429136A54D}.Release|Any CPU.ActiveCfg = Release|Any CPU
		{58F29489-D9D4-4635-8FA6-AE429136A54D}.Release|Any CPU.Build.0 = Release|Any CPU
		{7BC6DB63-A7FB-491D-93F7-FDDDAD5388B9}.Debug|Any CPU.ActiveCfg = Debug|Any CPU
		{7BC6DB63-A7FB-491D-93F7-FDDDAD5388B9}.Debug|Any CPU.Build.0 = Debug|Any CPU
		{7BC6DB63-A7FB-491D-93F7-FDDDAD5388B9}.Release|Any CPU.ActiveCfg = Release|Any CPU
		{7BC6DB63-A7FB-491D-93F7-FDDDAD5388B9}.Release|Any CPU.Build.0 = Release|Any CPU
		{1243088B-282A-4912-9797-4DA5C7BA1715}.Debug|Any CPU.ActiveCfg = Debug|Any CPU
		{1243088B-282A-4912-9797-4DA5C7BA1715}.Debug|Any CPU.Build.0 = Debug|Any CPU
		{1243088B-282A-4912-9797-4DA5C7BA1715}.Release|Any CPU.ActiveCfg = Release|Any CPU
		{1243088B-282A-4912-9797-4DA5C7BA1715}.Release|Any CPU.Build.0 = Release|Any CPU
		{849766E9-F49B-4124-A9DE-02842C58FD0E}.Debug|Any CPU.ActiveCfg = Debug|Any CPU
		{849766E9-F49B-4124-A9DE-02842C58FD0E}.Debug|Any CPU.Build.0 = Debug|Any CPU
		{849766E9-F49B-4124-A9DE-02842C58FD0E}.Release|Any CPU.ActiveCfg = Release|Any CPU
		{849766E9-F49B-4124-A9DE-02842C58FD0E}.Release|Any CPU.Build.0 = Release|Any CPU
	EndGlobalSection
	GlobalSection(SolutionProperties) = preSolution
		HideSolutionNode = FALSE
	EndGlobalSection
	GlobalSection(ExtensibilityGlobals) = postSolution
		SolutionGuid = {0D233BC9-EB31-4F7F-A50F-02EE7C251B1C}
	EndGlobalSection
EndGlobal
